// !$*UTF8*$!
{
	archiveVersion = 1;
	classes = {
	};
	objectVersion = 46;
	objects = {

/* Begin PBXBuildFile section */
		640C43B81D37E7570083EFD8 /* UIImage+CIELAB.swift in Sources */ = {isa = PBXBuildFile; fileRef = 640C43B71D37E7570083EFD8 /* UIImage+CIELAB.swift */; };
		640C43BA1D37E92A0083EFD8 /* ColorVector.swift in Sources */ = {isa = PBXBuildFile; fileRef = 640C43B91D37E92A0083EFD8 /* ColorVector.swift */; };
		640C43BC1D3932530083EFD8 /* ImageProcessing.swift in Sources */ = {isa = PBXBuildFile; fileRef = 640C43BB1D3932530083EFD8 /* ImageProcessing.swift */; };
		64ACE1741D36FF2600204EF1 /* AppDelegate.swift in Sources */ = {isa = PBXBuildFile; fileRef = 64ACE1731D36FF2600204EF1 /* AppDelegate.swift */; };
		64ACE1761D36FF2600204EF1 /* ViewController.swift in Sources */ = {isa = PBXBuildFile; fileRef = 64ACE1751D36FF2600204EF1 /* ViewController.swift */; };
		64ACE1791D36FF2600204EF1 /* Main.storyboard in Resources */ = {isa = PBXBuildFile; fileRef = 64ACE1771D36FF2600204EF1 /* Main.storyboard */; };
		64ACE17B1D36FF2600204EF1 /* Assets.xcassets in Resources */ = {isa = PBXBuildFile; fileRef = 64ACE17A1D36FF2600204EF1 /* Assets.xcassets */; };
		64ACE17E1D36FF2600204EF1 /* LaunchScreen.storyboard in Resources */ = {isa = PBXBuildFile; fileRef = 64ACE17C1D36FF2600204EF1 /* LaunchScreen.storyboard */; };
		64ACE1891D36FF2600204EF1 /* AsyncImagesUITests.swift in Sources */ = {isa = PBXBuildFile; fileRef = 64ACE1881D36FF2600204EF1 /* AsyncImagesUITests.swift */; };
		64ACE1981D37B67200204EF1 /* UIColor+CIELAB.m in Sources */ = {isa = PBXBuildFile; fileRef = 64ACE1971D37B67200204EF1 /* UIColor+CIELAB.m */; };
		64ACE19B1D37B71300204EF1 /* KMeans.swift in Sources */ = {isa = PBXBuildFile; fileRef = 64ACE19A1D37B71300204EF1 /* KMeans.swift */; };
/* End PBXBuildFile section */

/* Begin PBXContainerItemProxy section */
		64ACE1851D36FF2600204EF1 /* PBXContainerItemProxy */ = {
			isa = PBXContainerItemProxy;
			containerPortal = 64ACE1681D36FF2600204EF1 /* Project object */;
			proxyType = 1;
			remoteGlobalIDString = 64ACE16F1D36FF2600204EF1;
			remoteInfo = AsyncImages;
		};
/* End PBXContainerItemProxy section */

/* Begin PBXFileReference section */
		640C43B71D37E7570083EFD8 /* UIImage+CIELAB.swift */ = {isa = PBXFileReference; fileEncoding = 4; lastKnownFileType = sourcecode.swift; path = "UIImage+CIELAB.swift"; sourceTree = "<group>"; };
		640C43B91D37E92A0083EFD8 /* ColorVector.swift */ = {isa = PBXFileReference; fileEncoding = 4; lastKnownFileType = sourcecode.swift; path = ColorVector.swift; sourceTree = "<group>"; };
		640C43BB1D3932530083EFD8 /* ImageProcessing.swift */ = {isa = PBXFileReference; fileEncoding = 4; lastKnownFileType = sourcecode.swift; path = ImageProcessing.swift; sourceTree = "<group>"; };
		64ACE1701D36FF2600204EF1 /* AsyncImages.app */ = {isa = PBXFileReference; explicitFileType = wrapper.application; includeInIndex = 0; path = AsyncImages.app; sourceTree = BUILT_PRODUCTS_DIR; };
		64ACE1731D36FF2600204EF1 /* AppDelegate.swift */ = {isa = PBXFileReference; lastKnownFileType = sourcecode.swift; path = AppDelegate.swift; sourceTree = "<group>"; };
		64ACE1751D36FF2600204EF1 /* ViewController.swift */ = {isa = PBXFileReference; lastKnownFileType = sourcecode.swift; path = ViewController.swift; sourceTree = "<group>"; };
		64ACE1781D36FF2600204EF1 /* Base */ = {isa = PBXFileReference; lastKnownFileType = file.storyboard; name = Base; path = Base.lproj/Main.storyboard; sourceTree = "<group>"; };
		64ACE17A1D36FF2600204EF1 /* Assets.xcassets */ = {isa = PBXFileReference; lastKnownFileType = folder.assetcatalog; path = Assets.xcassets; sourceTree = "<group>"; };
		64ACE17D1D36FF2600204EF1 /* Base */ = {isa = PBXFileReference; lastKnownFileType = file.storyboard; name = Base; path = Base.lproj/LaunchScreen.storyboard; sourceTree = "<group>"; };
		64ACE17F1D36FF2600204EF1 /* Info.plist */ = {isa = PBXFileReference; lastKnownFileType = text.plist.xml; path = Info.plist; sourceTree = "<group>"; };
		64ACE1841D36FF2600204EF1 /* AsyncImagesUITests.xctest */ = {isa = PBXFileReference; explicitFileType = wrapper.cfbundle; includeInIndex = 0; path = AsyncImagesUITests.xctest; sourceTree = BUILT_PRODUCTS_DIR; };
		64ACE1881D36FF2600204EF1 /* AsyncImagesUITests.swift */ = {isa = PBXFileReference; lastKnownFileType = sourcecode.swift; path = AsyncImagesUITests.swift; sourceTree = "<group>"; };
		64ACE18A1D36FF2600204EF1 /* Info.plist */ = {isa = PBXFileReference; lastKnownFileType = text.plist.xml; path = Info.plist; sourceTree = "<group>"; };
		64ACE1951D37B67100204EF1 /* AsyncImages-Bridging-Header.h */ = {isa = PBXFileReference; lastKnownFileType = sourcecode.c.h; path = "AsyncImages-Bridging-Header.h"; sourceTree = "<group>"; };
		64ACE1961D37B67200204EF1 /* UIColor+CIELAB.h */ = {isa = PBXFileReference; fileEncoding = 4; lastKnownFileType = sourcecode.c.h; path = "UIColor+CIELAB.h"; sourceTree = "<group>"; };
		64ACE1971D37B67200204EF1 /* UIColor+CIELAB.m */ = {isa = PBXFileReference; fileEncoding = 4; lastKnownFileType = sourcecode.c.objc; path = "UIColor+CIELAB.m"; sourceTree = "<group>"; };
		64ACE19A1D37B71300204EF1 /* KMeans.swift */ = {isa = PBXFileReference; fileEncoding = 4; lastKnownFileType = sourcecode.swift; path = KMeans.swift; sourceTree = "<group>"; };
/* End PBXFileReference section */

/* Begin PBXFrameworksBuildPhase section */
		64ACE16D1D36FF2600204EF1 /* Frameworks */ = {
			isa = PBXFrameworksBuildPhase;
			buildActionMask = 2147483647;
			files = (
			);
			runOnlyForDeploymentPostprocessing = 0;
		};
		64ACE1811D36FF2600204EF1 /* Frameworks */ = {
			isa = PBXFrameworksBuildPhase;
			buildActionMask = 2147483647;
			files = (
			);
			runOnlyForDeploymentPostprocessing = 0;
		};
/* End PBXFrameworksBuildPhase section */

/* Begin PBXGroup section */
		64ACE1671D36FF2600204EF1 = {
			isa = PBXGroup;
			children = (
				64ACE1721D36FF2600204EF1 /* AsyncImages */,
				64ACE1871D36FF2600204EF1 /* AsyncImagesUITests */,
				64ACE1711D36FF2600204EF1 /* Products */,
			);
			sourceTree = "<group>";
		};
		64ACE1711D36FF2600204EF1 /* Products */ = {
			isa = PBXGroup;
			children = (
				64ACE1701D36FF2600204EF1 /* AsyncImages.app */,
				64ACE1841D36FF2600204EF1 /* AsyncImagesUITests.xctest */,
			);
			name = Products;
			sourceTree = "<group>";
		};
		64ACE1721D36FF2600204EF1 /* AsyncImages */ = {
			isa = PBXGroup;
			children = (
				64ACE1731D36FF2600204EF1 /* AppDelegate.swift */,
				64ACE1751D36FF2600204EF1 /* ViewController.swift */,
				64ACE19A1D37B71300204EF1 /* KMeans.swift */,
				640C43BB1D3932530083EFD8 /* ImageProcessing.swift */,
				64ACE1771D36FF2600204EF1 /* Main.storyboard */,
				64ACE17A1D36FF2600204EF1 /* Assets.xcassets */,
				64ACE17C1D36FF2600204EF1 /* LaunchScreen.storyboard */,
				64ACE17F1D36FF2600204EF1 /* Info.plist */,
				64ACE1991D37B67B00204EF1 /* Resources */,
			);
			path = AsyncImages;
			sourceTree = "<group>";
		};
		64ACE1871D36FF2600204EF1 /* AsyncImagesUITests */ = {
			isa = PBXGroup;
			children = (
				64ACE1881D36FF2600204EF1 /* AsyncImagesUITests.swift */,
				64ACE18A1D36FF2600204EF1 /* Info.plist */,
			);
			path = AsyncImagesUITests;
			sourceTree = "<group>";
		};
		64ACE1991D37B67B00204EF1 /* Resources */ = {
			isa = PBXGroup;
			children = (
				64ACE1951D37B67100204EF1 /* AsyncImages-Bridging-Header.h */,
				64ACE1961D37B67200204EF1 /* UIColor+CIELAB.h */,
				64ACE1971D37B67200204EF1 /* UIColor+CIELAB.m */,
				640C43B71D37E7570083EFD8 /* UIImage+CIELAB.swift */,
				640C43B91D37E92A0083EFD8 /* ColorVector.swift */,
			);
			name = Resources;
			sourceTree = "<group>";
		};
/* End PBXGroup section */

/* Begin PBXNativeTarget section */
		64ACE16F1D36FF2600204EF1 /* AsyncImages */ = {
			isa = PBXNativeTarget;
			buildConfigurationList = 64ACE18D1D36FF2700204EF1 /* Build configuration list for PBXNativeTarget "AsyncImages" */;
			buildPhases = (
				64ACE16C1D36FF2600204EF1 /* Sources */,
				64ACE16D1D36FF2600204EF1 /* Frameworks */,
				64ACE16E1D36FF2600204EF1 /* Resources */,
			);
			buildRules = (
			);
			dependencies = (
			);
			name = AsyncImages;
			productName = AsyncImages;
			productReference = 64ACE1701D36FF2600204EF1 /* AsyncImages.app */;
			productType = "com.apple.product-type.application";
		};
		64ACE1831D36FF2600204EF1 /* AsyncImagesUITests */ = {
			isa = PBXNativeTarget;
			buildConfigurationList = 64ACE1901D36FF2700204EF1 /* Build configuration list for PBXNativeTarget "AsyncImagesUITests" */;
			buildPhases = (
				64ACE1801D36FF2600204EF1 /* Sources */,
				64ACE1811D36FF2600204EF1 /* Frameworks */,
				64ACE1821D36FF2600204EF1 /* Resources */,
			);
			buildRules = (
			);
			dependencies = (
				64ACE1861D36FF2600204EF1 /* PBXTargetDependency */,
			);
			name = AsyncImagesUITests;
			productName = AsyncImagesUITests;
			productReference = 64ACE1841D36FF2600204EF1 /* AsyncImagesUITests.xctest */;
			productType = "com.apple.product-type.bundle.ui-testing";
		};
/* End PBXNativeTarget section */

/* Begin PBXProject section */
		64ACE1681D36FF2600204EF1 /* Project object */ = {
			isa = PBXProject;
			attributes = {
				LastSwiftUpdateCheck = 0730;
				LastUpgradeCheck = 0730;
				ORGANIZATIONNAME = "Bernardo Santana";
				TargetAttributes = {
					64ACE16F1D36FF2600204EF1 = {
						CreatedOnToolsVersion = 7.3;
					};
					64ACE1831D36FF2600204EF1 = {
						CreatedOnToolsVersion = 7.3;
						TestTargetID = 64ACE16F1D36FF2600204EF1;
					};
				};
			};
			buildConfigurationList = 64ACE16B1D36FF2600204EF1 /* Build configuration list for PBXProject "AsyncImages" */;
			compatibilityVersion = "Xcode 3.2";
			developmentRegion = English;
			hasScannedForEncodings = 0;
			knownRegions = (
				en,
				Base,
			);
			mainGroup = 64ACE1671D36FF2600204EF1;
			productRefGroup = 64ACE1711D36FF2600204EF1 /* Products */;
			projectDirPath = "";
			projectRoot = "";
			targets = (
				64ACE16F1D36FF2600204EF1 /* AsyncImages */,
				64ACE1831D36FF2600204EF1 /* AsyncImagesUITests */,
			);
		};
/* End PBXProject section */

/* Begin PBXResourcesBuildPhase section */
		64ACE16E1D36FF2600204EF1 /* Resources */ = {
			isa = PBXResourcesBuildPhase;
			buildActionMask = 2147483647;
			files = (
				64ACE17E1D36FF2600204EF1 /* LaunchScreen.storyboard in Resources */,
				64ACE17B1D36FF2600204EF1 /* Assets.xcassets in Resources */,
				64ACE1791D36FF2600204EF1 /* Main.storyboard in Resources */,
			);
			runOnlyForDeploymentPostprocessing = 0;
		};
		64ACE1821D36FF2600204EF1 /* Resources */ = {
			isa = PBXResourcesBuildPhase;
			buildActionMask = 2147483647;
			files = (
			);
			runOnlyForDeploymentPostprocessing = 0;
		};
/* End PBXResourcesBuildPhase section */

/* Begin PBXSourcesBuildPhase section */
		64ACE16C1D36FF2600204EF1 /* Sources */ = {
			isa = PBXSourcesBuildPhase;
			buildActionMask = 2147483647;
			files = (
				64ACE1761D36FF2600204EF1 /* ViewController.swift in Sources */,
				640C43BA1D37E92A0083EFD8 /* ColorVector.swift in Sources */,
				640C43B81D37E7570083EFD8 /* UIImage+CIELAB.swift in Sources */,
				640C43BC1D3932530083EFD8 /* ImageProcessing.swift in Sources */,
				64ACE1981D37B67200204EF1 /* UIColor+CIELAB.m in Sources */,
				64ACE19B1D37B71300204EF1 /* KMeans.swift in Sources */,
				64ACE1741D36FF2600204EF1 /* AppDelegate.swift in Sources */,
			);
			runOnlyForDeploymentPostprocessing = 0;
		};
		64ACE1801D36FF2600204EF1 /* Sources */ = {
			isa = PBXSourcesBuildPhase;
			buildActionMask = 2147483647;
			files = (
				64ACE1891D36FF2600204EF1 /* AsyncImagesUITests.swift in Sources */,
			);
			runOnlyForDeploymentPostprocessing = 0;
		};
/* End PBXSourcesBuildPhase section */

/* Begin PBXTargetDependency section */
		64ACE1861D36FF2600204EF1 /* PBXTargetDependency */ = {
			isa = PBXTargetDependency;
			target = 64ACE16F1D36FF2600204EF1 /* AsyncImages */;
			targetProxy = 64ACE1851D36FF2600204EF1 /* PBXContainerItemProxy */;
		};
/* End PBXTargetDependency section */

/* Begin PBXVariantGroup section */
		64ACE1771D36FF2600204EF1 /* Main.storyboard */ = {
			isa = PBXVariantGroup;
			children = (
				64ACE1781D36FF2600204EF1 /* Base */,
			);
			name = Main.storyboard;
			sourceTree = "<group>";
		};
		64ACE17C1D36FF2600204EF1 /* LaunchScreen.storyboard */ = {
			isa = PBXVariantGroup;
			children = (
				64ACE17D1D36FF2600204EF1 /* Base */,
			);
			name = LaunchScreen.storyboard;
			sourceTree = "<group>";
		};
/* End PBXVariantGroup section */

/* Begin XCBuildConfiguration section */
		64ACE18B1D36FF2700204EF1 /* Debug */ = {
			isa = XCBuildConfiguration;
			buildSettings = {
				ALWAYS_SEARCH_USER_PATHS = NO;
				CLANG_ANALYZER_NONNULL = YES;
				CLANG_CXX_LANGUAGE_STANDARD = "gnu++0x";
				CLANG_CXX_LIBRARY = "libc++";
				CLANG_ENABLE_MODULES = YES;
				CLANG_ENABLE_OBJC_ARC = YES;
				CLANG_WARN_BOOL_CONVERSION = YES;
				CLANG_WARN_CONSTANT_CONVERSION = YES;
				CLANG_WARN_DIRECT_OBJC_ISA_USAGE = YES_ERROR;
				CLANG_WARN_EMPTY_BODY = YES;
				CLANG_WARN_ENUM_CONVERSION = YES;
				CLANG_WARN_INT_CONVERSION = YES;
				CLANG_WARN_OBJC_ROOT_CLASS = YES_ERROR;
				CLANG_WARN_UNREACHABLE_CODE = YES;
				CLANG_WARN__DUPLICATE_METHOD_MATCH = YES;
				"CODE_SIGN_IDENTITY[sdk=iphoneos*]" = "iPhone Developer";
				COPY_PHASE_STRIP = NO;
				DEBUG_INFORMATION_FORMAT = dwarf;
				ENABLE_STRICT_OBJC_MSGSEND = YES;
				ENABLE_TESTABILITY = YES;
				GCC_C_LANGUAGE_STANDARD = gnu99;
				GCC_DYNAMIC_NO_PIC = NO;
				GCC_NO_COMMON_BLOCKS = YES;
				GCC_OPTIMIZATION_LEVEL = 0;
				GCC_PREPROCESSOR_DEFINITIONS = (
					"DEBUG=1",
					"$(inherited)",
				);
				GCC_WARN_64_TO_32_BIT_CONVERSION = YES;
				GCC_WARN_ABOUT_RETURN_TYPE = YES_ERROR;
				GCC_WARN_UNDECLARED_SELECTOR = YES;
				GCC_WARN_UNINITIALIZED_AUTOS = YES_AGGRESSIVE;
				GCC_WARN_UNUSED_FUNCTION = YES;
				GCC_WARN_UNUSED_VARIABLE = YES;
				IPHONEOS_DEPLOYMENT_TARGET = 9.3;
				MTL_ENABLE_DEBUG_INFO = YES;
				ONLY_ACTIVE_ARCH = YES;
				SDKROOT = iphoneos;
				SWIFT_OPTIMIZATION_LEVEL = "-Onone";
				TARGETED_DEVICE_FAMILY = "1,2";
			};
			name = Debug;
		};
		64ACE18C1D36FF2700204EF1 /* Release */ = {
			isa = XCBuildConfiguration;
			buildSettings = {
				ALWAYS_SEARCH_USER_PATHS = NO;
				CLANG_ANALYZER_NONNULL = YES;
				CLANG_CXX_LANGUAGE_STANDARD = "gnu++0x";
				CLANG_CXX_LIBRARY = "libc++";
				CLANG_ENABLE_MODULES = YES;
				CLANG_ENABLE_OBJC_ARC = YES;
				CLANG_WARN_BOOL_CONVERSION = YES;
				CLANG_WARN_CONSTANT_CONVERSION = YES;
				CLANG_WARN_DIRECT_OBJC_ISA_USAGE = YES_ERROR;
				CLANG_WARN_EMPTY_BODY = YES;
				CLANG_WARN_ENUM_CONVERSION = YES;
				CLANG_WARN_INT_CONVERSION = YES;
				CLANG_WARN_OBJC_ROOT_CLASS = YES_ERROR;
				CLANG_WARN_UNREACHABLE_CODE = YES;
				CLANG_WARN__DUPLICATE_METHOD_MATCH = YES;
				"CODE_SIGN_IDENTITY[sdk=iphoneos*]" = "iPhone Developer";
				COPY_PHASE_STRIP = NO;
				DEBUG_INFORMATION_FORMAT = "dwarf-with-dsym";
				ENABLE_NS_ASSERTIONS = NO;
				ENABLE_STRICT_OBJC_MSGSEND = YES;
				GCC_C_LANGUAGE_STANDARD = gnu99;
				GCC_NO_COMMON_BLOCKS = YES;
				GCC_WARN_64_TO_32_BIT_CONVERSION = YES;
				GCC_WARN_ABOUT_RETURN_TYPE = YES_ERROR;
				GCC_WARN_UNDECLARED_SELECTOR = YES;
				GCC_WARN_UNINITIALIZED_AUTOS = YES_AGGRESSIVE;
				GCC_WARN_UNUSED_FUNCTION = YES;
				GCC_WARN_UNUSED_VARIABLE = YES;
				IPHONEOS_DEPLOYMENT_TARGET = 9.3;
				MTL_ENABLE_DEBUG_INFO = NO;
				SDKROOT = iphoneos;
				TARGETED_DEVICE_FAMILY = "1,2";
				VALIDATE_PRODUCT = YES;
			};
			name = Release;
		};
		64ACE18E1D36FF2700204EF1 /* Debug */ = {
			isa = XCBuildConfiguration;
			buildSettings = {
				ASSETCATALOG_COMPILER_APPICON_NAME = AppIcon;
				CLANG_ENABLE_MODULES = YES;
				INFOPLIST_FILE = AsyncImages/Info.plist;
				LD_RUNPATH_SEARCH_PATHS = "$(inherited) @executable_path/Frameworks";
				PRODUCT_BUNDLE_IDENTIFIER = com.bsantanas.AsyncImages;
				PRODUCT_NAME = "$(TARGET_NAME)";
				SWIFT_OBJC_BRIDGING_HEADER = "AsyncImages/AsyncImages-Bridging-Header.h";
				SWIFT_OPTIMIZATION_LEVEL = "-Onone";
			};
			name = Debug;
		};
		64ACE18F1D36FF2700204EF1 /* Release */ = {
			isa = XCBuildConfiguration;
			buildSettings = {
				ASSETCATALOG_COMPILER_APPICON_NAME = AppIcon;
				CLANG_ENABLE_MODULES = YES;
				INFOPLIST_FILE = AsyncImages/Info.plist;
				LD_RUNPATH_SEARCH_PATHS = "$(inherited) @executable_path/Frameworks";
				PRODUCT_BUNDLE_IDENTIFIER = com.bsantanas.AsyncImages;
				PRODUCT_NAME = "$(TARGET_NAME)";
				SWIFT_OBJC_BRIDGING_HEADER = "AsyncImages/AsyncImages-Bridging-Header.h";
			};
			name = Release;
		};
		64ACE1911D36FF2700204EF1 /* Debug */ = {
			isa = XCBuildConfiguration;
			buildSettings = {
				INFOPLIST_FILE = AsyncImagesUITests/Info.plist;
				LD_RUNPATH_SEARCH_PATHS = "$(inherited) @executable_path/Frameworks @loader_path/Frameworks";
				PRODUCT_BUNDLE_IDENTIFIER = com.bsantanas.AsyncImagesUITests;
				PRODUCT_NAME = "$(TARGET_NAME)";
				TEST_TARGET_NAME = AsyncImages;
			};
			name = Debug;
		};
		64ACE1921D36FF2700204EF1 /* Release */ = {
			isa = XCBuildConfiguration;
			buildSettings = {
				INFOPLIST_FILE = AsyncImagesUITests/Info.plist;
				LD_RUNPATH_SEARCH_PATHS = "$(inherited) @executable_path/Frameworks @loader_path/Frameworks";
				PRODUCT_BUNDLE_IDENTIFIER = com.bsantanas.AsyncImagesUITests;
				PRODUCT_NAME = "$(TARGET_NAME)";
				TEST_TARGET_NAME = AsyncImages;
			};
			name = Release;
		};
/* End XCBuildConfiguration section */

/* Begin XCConfigurationList section */
		64ACE16B1D36FF2600204EF1 /* Build configuration list for PBXProject "AsyncImages" */ = {
			isa = XCConfigurationList;
			buildConfigurations = (
				64ACE18B1D36FF2700204EF1 /* Debug */,
				64ACE18C1D36FF2700204EF1 /* Release */,
			);
			defaultConfigurationIsVisible = 0;
			defaultConfigurationName = Release;
		};
		64ACE18D1D36FF2700204EF1 /* Build configuration list for PBXNativeTarget "AsyncImages" */ = {
			isa = XCConfigurationList;
			buildConfigurations = (
				64ACE18E1D36FF2700204EF1 /* Debug */,
				64ACE18F1D36FF2700204EF1 /* Release */,
			);
			defaultConfigurationIsVisible = 0;
			defaultConfigurationName = Release;
		};
		64ACE1901D36FF2700204EF1 /* Build configuration list for PBXNativeTarget "AsyncImagesUITests" */ = {
			isa = XCConfigurationList;
			buildConfigurations = (
				64ACE1911D36FF2700204EF1 /* Debug */,
				64ACE1921D36FF2700204EF1 /* Release */,
			);
			defaultConfigurationIsVisible = 0;
			defaultConfigurationName = Release;
		};
/* End XCConfigurationList section */
	};
	rootObject = 64ACE1681D36FF2600204EF1 /* Project object */;
}
